
Microsoft Visual Studio Solution File, Format Version 12.00
# Visual Studio for Mac
Project("{FAE04EC0-301F-11D3-BF4B-00C04F79EFBC}") = "egg golp", "Assembly-CSharp.csproj", "{9FB4DAE5-3D2B-E80A-5B81-93136D029254}"
EndProject
Global
	GlobalSection(SolutionConfigurationPlatforms) = preSolution
		Debug|Any CPU = Debug|Any CPU
		Release|Any CPU = Release|Any CPU
	EndGlobalSection
	GlobalSection(ProjectConfigurationPlatforms) = postSolution
		{9FB4DAE5-3D2B-E80A-5B81-93136D029254}.Debug|Any CPU.ActiveCfg = Debug|Any CPU
		{9FB4DAE5-3D2B-E80A-5B81-93136D029254}.Debug|Any CPU.Build.0 = Debug|Any CPU
		{9FB4DAE5-3D2B-E80A-5B81-93136D029254}.Release|Any CPU.ActiveCfg = Release|Any CPU
		{9FB4DAE5-3D2B-E80A-5B81-93136D029254}.Release|Any CPU.Build.0 = Release|Any CPU
	EndGlobalSection
	GlobalSection(SolutionProperties) = preSolution
		HideSolutionNode = FALSE
	EndGlobalSection
EndGlobal
